
Microsoft Visual Studio Solution File, Format Version 12.00
# Visual Studio 15
VisualStudioVersion = 15.0.28010.2046
MinimumVisualStudioVersion = 10.0.40219.1
Project("{FAE04EC0-301F-11D3-BF4B-00C04F79EFBC}") = "CSVToInfluxDB", "UDPToInfluxDB\CSVToInfluxDB.csproj", "{3CD8E958-947B-473F-AAFF-32448BEA4B99}"
EndProject
Global
	GlobalSection(SolutionConfigurationPlatforms) = preSolution
		Debug|Any CPU = Debug|Any CPU
		Release|Any CPU = Release|Any CPU
	EndGlobalSection
	GlobalSection(ProjectConfigurationPlatforms) = postSolution
		{3CD8E958-947B-473F-AAFF-32448BEA4B99}.Debug|Any CPU.ActiveCfg = Debug|Any CPU
		{3CD8E958-947B-473F-AAFF-32448BEA4B99}.Debug|Any CPU.Build.0 = Debug|Any CPU
		{3CD8E958-947B-473F-AAFF-32448BEA4B99}.Release|Any CPU.ActiveCfg = Release|Any CPU
		{3CD8E958-947B-473F-AAFF-32448BEA4B99}.Release|Any CPU.Build.0 = Release|Any CPU
	EndGlobalSection
	GlobalSection(SolutionProperties) = preSolution
		HideSolutionNode = FALSE
	EndGlobalSection
	GlobalSection(ExtensibilityGlobals) = postSolution
		SolutionGuid = {943EE308-4169-4B2C-A3F3-DE2D25D4CBE7}
	EndGlobalSection
EndGlobal
